
Microsoft Visual Studio Solution File, Format Version 12.00
# Visual Studio Version 17
VisualStudioVersion = 17.5.33516.290
MinimumVisualStudioVersion = 10.0.40219.1
Project("{FAE04EC0-301F-11D3-BF4B-00C04F79EFBC}") = "WsClient", "WsClient\WsClient.csproj", "{DCF47EA7-67D8-4DF6-9600-FE2EC098A473}"
EndProject
Global
	GlobalSection(SolutionConfigurationPlatforms) = preSolution
		Debug|Any CPU = Debug|Any CPU
		Release|Any CPU = Release|Any CPU
	EndGlobalSection
	GlobalSection(ProjectConfigurationPlatforms) = postSolution
		{DCF47EA7-67D8-4DF6-9600-FE2EC098A473}.Debug|Any CPU.ActiveCfg = Debug|Any CPU
		{DCF47EA7-67D8-4DF6-9600-FE2EC098A473}.Debug|Any CPU.Build.0 = Debug|Any CPU
		{DCF47EA7-67D8-4DF6-9600-FE2EC098A473}.Release|Any CPU.ActiveCfg = Release|Any CPU
		{DCF47EA7-67D8-4DF6-9600-FE2EC098A473}.Release|Any CPU.Build.0 = Release|Any CPU
	EndGlobalSection
	GlobalSection(SolutionProperties) = preSolution
		HideSolutionNode = FALSE
	EndGlobalSection
	GlobalSection(ExtensibilityGlobals) = postSolution
		SolutionGuid = {AFAC671D-F2C1-43EA-ACA1-8C794434134E}
	EndGlobalSection
EndGlobal
